{
  "version": 1,
  "dependencies": {
    "net10.0": {
      "Azure.Identity": {
        "type": "Direct",
        "requested": "[1.21.0, )",
        "resolved": "1.21.0",
        "contentHash": "GeFv8sGwRKvDKwI2WFy8r0mhmlxEVZg24Sit2NogTjiSO8RVjllWM65OT6e1sKjOvG8V74y7hAbaELUUPjZQSw==",
        "dependencies": {
          "Azure.Core": "1.53.0"
        }
      },
      "Intility.Extensions.Logging.Elasticsearch": {
        "type": "Direct",
        "requested": "[3.1.5, )",
        "resolved": "3.1.5",
        "contentHash": "eSjlObohI786JRKbOtTX9fn7ZH+yn1t2d4KLLHrrhfowy4wLi7daea6SUlhK/qlD2Jb+MTEw64EMSt9uVZgwNw==",
        "dependencies": {
          "Elastic.Serilog.Sinks": "9.0.0",
          "Intility.Extensions.Logging": "3.1.5"
        }
      },
      "Intility.Extensions.Logging.Sentry": {
        "type": "Direct",
        "requested": "[3.1.5, )",
        "resolved": "3.1.5",
        "contentHash": "NU1KgE9X0fi0wv+E1fWHRhZlH8VHPCGayFJVindEYKimxnFFXWyItNZ7+mmptkBr4RSnRLLPekN6KQPSM0XGKQ==",
        "dependencies": {
          "Intility.Extensions.Logging": "3.1.5",
          "Sentry.AspNetCore": "6.6.0",
          "Sentry.Serilog": "6.6.0"
        }
      },
      "Intility.Logging.AspNetCore": {
        "type": "Direct",
        "requested": "[3.1.5, )",
        "resolved": "3.1.5",
        "contentHash": "15SRpuXgNSrnY7QUzPhKNWm4BpY1JFrzyaXLIjIsDElSJOA1aqVf7LNLngzXYWS5jCyMx/Yhy4clbCyZ5aR6TA==",
        "dependencies": {
          "Intility.Extensions.Logging": "3.1.5",
          "Microsoft.Extensions.Hosting.Abstractions": "10.0.8",
          "Microsoft.Extensions.Logging.Abstractions": "10.0.8",
          "Serilog.AspNetCore": "10.0.0",
          "Serilog.Enrichers.AssemblyName": "2.0.0",
          "Serilog.Enrichers.AzureClaims": "1.2.7",
          "Serilog.Enrichers.Environment": "3.0.1",
          "Serilog.Enrichers.Memory": "1.0.4"
        }
      },
      "Microsoft.Azure.AppConfiguration.AspNetCore": {
        "type": "Direct",
        "requested": "[8.6.0, )",
        "resolved": "8.6.0",
        "contentHash": "ugmFjdFL4NcRkvpDGNzI349X56+rbt2Q05ejT8ofLavppilItiuJHVrynn22s+bg4ozWal3L9R7MOeyXPT6Ncg==",
        "dependencies": {
          "Microsoft.Extensions.Configuration.AzureAppConfiguration": "8.6.0"
        }
      },
      "Microsoft.Extensions.Hosting": {
        "type": "Direct",
        "requested": "[10.0.10, )",
        "resolved": "10.0.10",
        "contentHash": "tL9FkfV64GPUDSPvwrgyw42LVzsnVAnyrqJEuZVJbODgrQ3eL63zmzEcVWoCHzfgqUhWggzbgAyUCnz/zfI3Pg==",
        "dependencies": {
          "Microsoft.Extensions.Configuration": "10.0.10",
          "Microsoft.Extensions.Configuration.Abstractions": "10.0.10",
          "Microsoft.Extensions.Configuration.Binder": "10.0.10",
          "Microsoft.Extensions.Configuration.CommandLine": "10.0.10",
          "Microsoft.Extensions.Configuration.EnvironmentVariables": "10.0.10",
          "Microsoft.Extensions.Configuration.FileExtensions": "10.0.10",
          "Microsoft.Extensions.Configuration.Json": "10.0.10",
          "Microsoft.Extensions.Configuration.UserSecrets": "10.0.10",
          "Microsoft.Extensions.DependencyInjection": "10.0.10",
          "Microsoft.Extensions.DependencyInjection.Abstractions": "10.0.10",
          "Microsoft.Extensions.Diagnostics": "10.0.10",
          "Microsoft.Extensions.FileProviders.Abstractions": "10.0.10",
          "Microsoft.Extensions.FileProviders.Physical": "10.0.10",
          "Microsoft.Extensions.Hosting.Abstractions": "10.0.10",
          "Microsoft.Extensions.Logging": "10.0.10",
          "Microsoft.Extensions.Logging.Abstractions": "10.0.10",
          "Microsoft.Extensions.Logging.Configuration": "10.0.10",
          "Microsoft.Extensions.Logging.Console": "10.0.10",
          "Microsoft.Extensions.Logging.Debug": "10.0.10",
          "Microsoft.Extensions.Logging.EventLog": "10.0.10",
          "Microsoft.Extensions.Logging.EventSource": "10.0.10",
          "Microsoft.Extensions.Options": "10.0.10"
        }
      },
      "Microsoft.Identity.Abstractions": {
        "type": "Direct",
        "requested": "[12.6.0, )",
        "resolved": "12.6.0",
        "contentHash": "RCRbDYn7VmCYB/7KnOQ3X2KRlbF51dWQHQ91sOxyEDL1OQcOW/NAs7as+NLN91xhqAk1wAvhkukUIqvWC6NHoA=="
      },
      "Microsoft.Identity.Web": {
        "type": "Direct",
        "requested": "[4.14.2, )",
        "resolved": "4.14.2",
        "contentHash": "sfeKm6ooS5QVbUlk7QK48ci1KDD/DBR9tspBfeBhxRusrvQfX1K5c4UjNSX7tNmxSQ6oSJX+kCbjkhJgXxX8Xg==",
        "dependencies": {
          "Microsoft.Identity.Web.Certificate": "4.14.2",
          "Microsoft.Identity.Web.Certificateless": "4.14.2",
          "Microsoft.Identity.Web.TokenAcquisition": "4.14.2",
          "Microsoft.Identity.Web.TokenCache": "4.14.2",
          "Microsoft.IdentityModel.Protocols.OpenIdConnect": "8.22.0",
          "Microsoft.IdentityModel.Validators": "8.22.0",
          "System.IdentityModel.Tokens.Jwt": "8.22.0"
        }
      },
      "Azure.Core": {
        "type": "Transitive",
        "resolved": "1.60.0",
        "contentHash": "qCa5DLAq0w14aTl9/bvMZNA/QxPzYj1a4zakrpeudxWd4D4YliRHRfccD3yFECeHkMkvQjMmyWLggb8bzhDVKA==",
        "dependencies": {
          "Microsoft.Bcl.AsyncInterfaces": "10.0.9",
          "Microsoft.Extensions.Configuration.Abstractions": "10.0.9",
          "Microsoft.Extensions.Hosting.Abstractions": "10.0.9",
          "Microsoft.Identity.Client": "4.84.2",
          "Microsoft.Identity.Client.Extensions.Msal": "4.84.2",
          "System.ClientModel": "1.14.0",
          "System.Memory.Data": "10.0.9"
        }
      },
      "Azure.Data.AppConfiguration": {
        "type": "Transitive",
        "resolved": "1.11.0",
        "contentHash": "ClG33fUhOW18zpAOieIcbb84EfEWe0Ey6pTYjKoMezSrCYmdLbxW03FSuoAWxVTJyu1JEzuNYai08yeSQi6Xvg==",
        "dependencies": {
          "Azure.Core": "1.60.0"
        }
      },
      "Azure.Messaging.EventGrid": {
        "type": "Transitive",
        "resolved": "5.0.0",
        "contentHash": "/lc0X9Na9v8mb6cY8vRIaMuQEcerHK8msmwmc3nhkY9QX4x4R8w+sDxnHM0eXezzzmEumkfUPnDWIKCEzvsl9A==",
        "dependencies": {
          "Azure.Core": "1.46.2",
          "Azure.Messaging.EventGrid.SystemEvents": "1.0.0"
        }
      },
      "Azure.Messaging.EventGrid.SystemEvents": {
        "type": "Transitive",
        "resolved": "1.0.0",
        "contentHash": "sGAZL0Kw3ErcPPdN3+OcMM+fTCeyGtP/No0+D7PP4tCI5VqKB2DxOlu/tdF4UYuk6YXE3XAZ/yHDjmzEaqr59g==",
        "dependencies": {
          "Azure.Core": "1.46.2"
        }
      },
      "Azure.Security.KeyVault.Certificates": {
        "type": "Transitive",
        "resolved": "4.6.0",
        "contentHash": "e2ATU/n2ZDL/S8A8EdrcfKEvKc2BojCrrSpmM+JKnrSTQS32x/W0Ldu8utk+epLKwXvSJRSWtlgdo7X8hG1mCg==",
        "dependencies": {
          "Azure.Core": "1.37.0"
        }
      },
      "Azure.Security.KeyVault.Secrets": {
        "type": "Transitive",
        "resolved": "4.8.0",
        "contentHash": "tmcIgo+de2K5+PTBRNlnFLQFbmSoyuT9RpDr5MwKS6mIfNxLPQpARkRAP91r3tmeiJ9j/UCO0F+hTlk1Bk7HNQ==",
        "dependencies": {
          "Azure.Core": "1.46.2"
        }
      },
      "DnsClient": {
        "type": "Transitive",
        "resolved": "1.7.0",
        "contentHash": "2hrXR83b5g6/ZMJOA36hXp4t56yb7G1mF3Hg6IkrHxvtyaoXRn2WVdgDPN3V8+GugOlUBbTWXgPaka4dXw1QIg=="
      },
      "Elastic.Channels": {
        "type": "Transitive",
        "resolved": "0.14.0",
        "contentHash": "8vRZXKUntTgsN6TbbOVnKkFbq7hy4vwEPm2GYqM1oXGpOprTOdIp/l0ie6LAb8hm+is9CPIywqNZdfOp7KU+YQ=="
      },
      "Elastic.CommonSchema": {
        "type": "Transitive",
        "resolved": "9.0.0",
        "contentHash": "5I7rbqLobJZY2cf9EratD2peUva31eyfSwuf8Qm8gM5ButP5F/NNzcUuvsuAleBQXmAJb55CLnMxA9oMGYHdsg=="
      },
      "Elastic.CommonSchema.Serilog": {
        "type": "Transitive",
        "resolved": "9.0.0",
        "contentHash": "5MF4qqoXRddo8YBzV+EbhSBqo6F8UIAbj28GVEyiobRt/MZRzE3ddYd6k51yYJ4ZJ4WMtdZk5Wv8o8YpqW51KA==",
        "dependencies": {
          "Elastic.CommonSchema": "9.0.0",
          "Serilog": "4.3.0"
        }
      },
      "Elastic.Ingest.Elasticsearch": {
        "type": "Transitive",
        "resolved": "0.14.0",
        "contentHash": "+a1wTp7Z9ACzBlh1pt4r59HK3tpqimJGcbi5w4a/dMZ5/QlXJ6xj/yaSIQ6NgecQIUQVsibH0eFWGuwt2/rlTA==",
        "dependencies": {
          "Elastic.Ingest.Transport": "0.14.0"
        }
      },
      "Elastic.Ingest.Elasticsearch.CommonSchema": {
        "type": "Transitive",
        "resolved": "9.0.0",
        "contentHash": "TCmz6N/Vpspt9NxiFy2oWYqu4wc5UOAEqR7TZ3NNu/mLRfKx/0TUV3SXW+jIsacIsh/i5nb8JXRERwd/LbGpHg==",
        "dependencies": {
          "Elastic.CommonSchema": "9.0.0",
          "Elastic.Ingest.Elasticsearch": "0.14.0"
        }
      },
      "Elastic.Ingest.Transport": {
        "type": "Transitive",
        "resolved": "0.14.0",
        "contentHash": "XoBT9ub4imzF+KN14MWEVyS3O40teXQ4uPLkTL6XV6vZMbSjRvohg1/4B4YK0EBkDUu71xHLd6rupdwJXwYl8Q==",
        "dependencies": {
          "Elastic.Channels": "0.14.0",
          "Elastic.Transport": "0.10.0"
        }
      },
      "Elastic.Serilog.Sinks": {
        "type": "Transitive",
        "resolved": "9.0.0",
        "contentHash": "cxQIl06rGe+LeqUkJtGOpLzqn0XfUES3kCgeNhyVEvzCuvNCMXpyDTum+/q2r4fnvyx/0u+ynW59rW6lGtp79A==",
        "dependencies": {
          "Elastic.CommonSchema.Serilog": "9.0.0",
          "Elastic.Ingest.Elasticsearch.CommonSchema": "9.0.0"
        }
      },
      "Elastic.Transport": {
        "type": "Transitive",
        "resolved": "0.10.0",
        "contentHash": "xtEahhp8ZWj5T/uWbiHcodQrz3P/n1il/CFLzbpfk6ygKQTHn6RxDF16G4LiDqr3GrAleU6urOIdbWJ6+YDjpA=="
      },
      "Intility.Extensions.Logging": {
        "type": "Transitive",
        "resolved": "3.1.5",
        "contentHash": "JYzaUVr61WVcFTCxVzLKXPfb6W1DLxwHkYr3v2Gx2jByzFO0Bc8wNed7zszdm4ecYf3hNAe/tq96y9EHCGRufQ==",
        "dependencies": {
          "Microsoft.Extensions.Hosting.Abstractions": "10.0.8",
          "Serilog": "4.3.1"
        }
      },
      "Microsoft.AspNetCore.Authentication.JwtBearer": {
        "type": "Transitive",
        "resolved": "10.0.0",
        "contentHash": "0BgDfT1GoZnzjJOBwx5vFMK5JtqsTEas9pCEwd1/KKxNUAqFmreN60WeUoF+CsmSd9tOQuqWedvdBo/QqHuNTQ==",
        "dependencies": {
          "Microsoft.IdentityModel.Protocols.OpenIdConnect": "8.0.1"
        }
      },
      "Microsoft.AspNetCore.Authentication.OpenIdConnect": {
        "type": "Transitive",
        "resolved": "10.0.0",
        "contentHash": "6ATONu+5A2oh/vzmoFhf3cuQcclMaWGHrb1kvjVsYtml+gzuWD48MmbsItM4xAUQkJZ2t8XFmbGp8pZLPxKneA==",
        "dependencies": {
          "Microsoft.IdentityModel.Protocols.OpenIdConnect": "8.0.1"
        }
      },
      "Microsoft.AspNetCore.Cryptography.Internal": {
        "type": "Transitive",
        "resolved": "10.0.7",
        "contentHash": "unTeI3bPmzsl5Xo2Irg7jW8osCjo/H2rBT5sTqopUUI0gbLyTYuTjDyxoKjykjS/nS2jUdAKVFWFoGF1s1g4HQ=="
      },
      "Microsoft.AspNetCore.DataProtection": {
        "type": "Transitive",
        "resolved": "10.0.7",
        "contentHash": "ETphwQ9b2gvTK0ET6cYQY77StbIvSmYHZJdsEOf5AY4YNmol5uIncdqLCJzFgE/KEH1ukRdXTkwSC27hNnltOw==",
        "dependencies": {
          "Microsoft.AspNetCore.Cryptography.Internal": "10.0.7",
          "Microsoft.AspNetCore.DataProtection.Abstractions": "10.0.7",
          "Microsoft.Extensions.DependencyInjection.Abstractions": "10.0.7",
          "Microsoft.Extensions.Hosting.Abstractions": "10.0.7",
          "Microsoft.Extensions.Logging.Abstractions": "10.0.7",
          "Microsoft.Extensions.Options": "10.0.7",
          "System.Security.Cryptography.Xml": "10.0.7"
        }
      },
      "Microsoft.AspNetCore.DataProtection.Abstractions": {
        "type": "Transitive",
        "resolved": "10.0.7",
        "contentHash": "SitkANPwiW0Z2w9bWAFwZ/MxFDDloBkNZCK+SfFJ+/IMUTMvrczBrHmy66+EdQTd2ybRzCm12aKAztQkDGyH6A=="
      },
      "Microsoft.Azure.Security.KeyGuardAttestation": {
        "type": "Transitive",
        "resolved": "1.1.5",
        "contentHash": "y7WEZy7swyQCQISyVfUDNo8a1sqHiWzaoWoQAkdXxqg3hLNjQI+LEsRQol3idJ665E++doJbiQG6NIiUb5cw0g=="
      },
      "Microsoft.Bcl.AsyncInterfaces": {
        "type": "Transitive",
        "resolved": "10.0.9",
        "contentHash": "Aq7M8lG6BrHeatqKqncVm9m55ec34k6nnfPRLe/PvGg+b/pAsRM2ejofeKmCLjTXMa+5NGXm382f8CG/D5WDow=="
      },
      "Microsoft.Bcl.Cryptography": {
        "type": "Transitive",
        "resolved": "10.0.2",
        "contentHash": "LG9Yll3B5aNpxv0+D47g6LiOiKBIlodhcHdQwcYzo8VeexFLGqx5ymetmA2aBRyo9cCcWsQWrFsdbsr8LvmWDw=="
      },
      "Microsoft.Bcl.HashCode": {
        "type": "Transitive",
        "resolved": "6.0.0",
        "contentHash": "GI4jcoi6eC9ZhNOQylIBaWOQjyGaR8T6N3tC1u8p3EXfndLCVNNWa+Zp+ocjvvS3kNBN09Zma2HXL0ezO0dRfw=="
      },
      "Microsoft.Extensions.Azure": {
        "type": "Transitive",
        "resolved": "1.12.0",
        "contentHash": "3sIvazPesPdEn5t2yT+pwVWKm1LyN/LB31Wh52giRNf2ckcKmaxW2KOA5uNZHSaqABhMDPAYGMeGBFQreZ7uUg==",
        "dependencies": {
          "Azure.Core": "1.46.2",
          "Azure.Identity": "1.13.1",
          "Microsoft.Extensions.Configuration": "8.0.0",
          "Microsoft.Extensions.Configuration.Abstractions": "8.0.0",
          "Microsoft.Extensions.Configuration.Binder": "8.0.2",
          "Microsoft.Extensions.DependencyInjection.Abstractions": "8.0.2",
          "Microsoft.Extensions.Logging": "8.0.1",
          "Microsoft.Extensions.Logging.Abstractions": "8.0.3",
          "Microsoft.Extensions.Options": "8.0.2"
        }
      },
      "Microsoft.Extensions.Caching.Abstractions": {
        "type": "Transitive",
        "resolved": "10.0.0",
        "contentHash": "Zcoy6H9mSoGyvr7UvlGokEZrlZkcPCICPZr8mCsSt9U/N8eeCwCXwKF5bShdA66R0obxBCwP4AxomQHvVkC/uA==",
        "dependencies": {
          "Microsoft.Extensions.Primitives": "10.0.0"
        }
      },
      "Microsoft.Extensions.Caching.Memory": {
        "type": "Transitive",
        "resolved": "10.0.0",
        "contentHash": "krK19MKp0BNiR9rpBDW7PKSrTMLVlifS9am3CVc4O1Jq6GWz0o4F+sw5OSL4L3mVd56W8l6JRgghUa2KB51vOw==",
        "dependencies": {
          "Microsoft.Extensions.Caching.Abstractions": "10.0.0",
          "Microsoft.Extensions.DependencyInjection.Abstractions": "10.0.0",
          "Microsoft.Extensions.Logging.Abstractions": "10.0.0",
          "Microsoft.Extensions.Options": "10.0.0",
          "Microsoft.Extensions.Primitives": "10.0.0"
        }
      },
      "Microsoft.Extensions.Configuration": {
        "type": "Transitive",
        "resolved": "10.0.10",
        "contentHash": "plJWK2zpWuuyxI8F8s2scx6Je7N1Ajjs6HvYUGKwRnDMWIVIz9FHwAkiT7ASgrvAOd10T0FPVlh9BzAJJME+jg==",
        "dependencies": {
          "Microsoft.Extensions.Configuration.Abstractions": "10.0.10",
          "Microsoft.Extensions.Primitives": "10.0.10"
        }
      },
      "Microsoft.Extensions.Configuration.Abstractions": {
        "type": "Transitive",
        "resolved": "10.0.10",
        "contentHash": "5Vnd2I75DmZCVEjSynIdJ/0EGafgnLQwgR3t2C2/fkjx/nRG+cLwxLLdInoHeCEpkD5K4Ov/g9ZCRYrl4TRsaA==",
        "dependencies": {
          "Microsoft.Extensions.Primitives": "10.0.10"
        }
      },
      "Microsoft.Extensions.Configuration.AzureAppConfiguration": {
        "type": "Transitive",
        "resolved": "8.6.0",
        "contentHash": "jdep6SPC16joz8Gau7BZ+EXtcqFG/b9cjhQ6OAIOAENTUaa0tFXkfTbtqax8cdfpuvnnIic1ga+wmR5YpbP/4g==",
        "dependencies": {
          "Azure.Data.AppConfiguration": "1.11.0",
          "Azure.Messaging.EventGrid": "5.0.0",
          "Azure.Security.KeyVault.Secrets": "4.8.0",
          "DnsClient": "1.7.0",
          "Microsoft.Bcl.HashCode": "6.0.0",
          "Microsoft.Extensions.Azure": "1.12.0",
          "Microsoft.Extensions.Configuration": "10.0.9",
          "Microsoft.Extensions.DependencyInjection.Abstractions": "10.0.9",
          "Microsoft.Extensions.Diagnostics.HealthChecks": "10.0.9",
          "Microsoft.Extensions.Logging": "10.0.9"
        }
      },
      "Microsoft.Extensions.Configuration.Binder": {
        "type": "Transitive",
        "resolved": "10.0.10",
        "contentHash": "GqmN2o1CkJvk7uWp+p4CwBYW0w/zfoEbvsiFDbO2G8l1Uz+mrDAbAcZiXhU2lufKPby1cjAUdd5GTWpebYOkOA==",
        "dependencies": {
          "Microsoft.Extensions.Configuration": "10.0.10",
          "Microsoft.Extensions.Configuration.Abstractions": "10.0.10"
        }
      },
      "Microsoft.Extensions.Configuration.CommandLine": {
        "type": "Transitive",
        "resolved": "10.0.10",
        "contentHash": "33cBeR2HRbzHUTtmcmLdNOApneNGcymwwL4arHuotgVK9Frba8kcDTrvVTj7cSCmF1R9OiSbZH0KxNOwab3HUg==",
        "dependencies": {
          "Microsoft.Extensions.Configuration": "10.0.10",
          "Microsoft.Extensions.Configuration.Abstractions": "10.0.10"
        }
      },
      "Microsoft.Extensions.Configuration.EnvironmentVariables": {
        "type": "Transitive",
        "resolved": "10.0.10",
        "contentHash": "KRfFSSCV58vEdU7mPED/YMzeovIWF5P0g8s9K8n9HEfy0/WzMq37SrPdXdFN5/dFT/rPMHpF7AvpoXHckbcBFg==",
        "dependencies": {
          "Microsoft.Extensions.Configuration": "10.0.10",
          "Microsoft.Extensions.Configuration.Abstractions": "10.0.10"
        }
      },
      "Microsoft.Extensions.Configuration.FileExtensions": {
        "type": "Transitive",
        "resolved": "10.0.10",
        "contentHash": "ZOhZYwvbXGTgGVRwswIirofEMVHuWdxjdh0JeUZXwaF9cgcjXdz/t0ELtgaevw7ezTyv47yPNCgGreWtLkn3IQ==",
        "dependencies": {
          "Microsoft.Extensions.Configuration": "10.0.10",
          "Microsoft.Extensions.Configuration.Abstractions": "10.0.10",
          "Microsoft.Extensions.FileProviders.Abstractions": "10.0.10",
          "Microsoft.Extensions.FileProviders.Physical": "10.0.10",
          "Microsoft.Extensions.Primitives": "10.0.10"
        }
      },
      "Microsoft.Extensions.Configuration.Json": {
        "type": "Transitive",
        "resolved": "10.0.10",
        "contentHash": "uvJ6sHwjgrkMEJOgiC76G0mcZGXerwyyWkwX34EOjCbxKG6TCtfAoqDKAMsCvEBf9HxjlGQEgqsSMOGCmGBf+A==",
        "dependencies": {
          "Microsoft.Extensions.Configuration": "10.0.10",
          "Microsoft.Extensions.Configuration.Abstractions": "10.0.10",
          "Microsoft.Extensions.Configuration.FileExtensions": "10.0.10",
          "Microsoft.Extensions.FileProviders.Abstractions": "10.0.10"
        }
      },
      "Microsoft.Extensions.Configuration.UserSecrets": {
        "type": "Transitive",
        "resolved": "10.0.10",
        "contentHash": "1s1sKFTk/Foam64JY6+m/diH8drL3Wx6V3gtSd5v1IEZtszZYyc1pW8uRnMblzpNiR0l0t8gGk7tXj3xHzFgdg==",
        "dependencies": {
          "Microsoft.Extensions.Configuration.Abstractions": "10.0.10",
          "Microsoft.Extensions.Configuration.Json": "10.0.10",
          "Microsoft.Extensions.FileProviders.Abstractions": "10.0.10",
          "Microsoft.Extensions.FileProviders.Physical": "10.0.10"
        }
      },
      "Microsoft.Extensions.DependencyInjection": {
        "type": "Transitive",
        "resolved": "10.0.10",
        "contentHash": "ANyvsgkNBRvcJh2XLgn8veGmajf+8m0AbKK+HPWdRL1yraSNVVSmQhFntLtdz/C795jxqqup+k05cs/3jZQPOA==",
        "dependencies": {
          "Microsoft.Extensions.DependencyInjection.Abstractions": "10.0.10"
        }
      },
      "Microsoft.Extensions.DependencyInjection.Abstractions": {
        "type": "Transitive",
        "resolved": "10.0.10",
        "contentHash": "z/2xXlFw2aLGjHyEm6E0tQ+In6VfzQzTrtArbQ2c0TQE16ZbyDCMGPvaUT9I0s8rgy9sRWlU2P9waW37qV04qA=="
      },
      "Microsoft.Extensions.DependencyModel": {
        "type": "Transitive",
        "resolved": "10.0.0",
        "contentHash": "RFYJR7APio/BiqdQunRq6DB+nDB6nc2qhHr77mlvZ0q0BT8PubMXN7XicmfzCbrDE/dzhBnUKBRXLTcqUiZDGg=="
      },
      "Microsoft.Extensions.Diagnostics": {
        "type": "Transitive",
        "resolved": "10.0.10",
        "contentHash": "Kr/e7lUf4+N8tacbqJ2Ctwe/HarKdAc9ZkgKVVqvtJDBKbez+T/KnUwu82KSlnBp/SrpBcxc7u7xkE2oUZT/5Q==",
        "dependencies": {
          "Microsoft.Extensions.Configuration": "10.0.10",
          "Microsoft.Extensions.Diagnostics.Abstractions": "10.0.10",
          "Microsoft.Extensions.Options.ConfigurationExtensions": "10.0.10"
        }
      },
      "Microsoft.Extensions.Diagnostics.Abstractions": {
        "type": "Transitive",
        "resolved": "10.0.10",
        "contentHash": "9uWiKpeOVac355STyChWR/pliFX/5CeLqChW9kKsaxyDH4EUTZxMkT4Jwp/J/peLm0GBFmSX5c0WCse3yCnq1Q==",
        "dependencies": {
          "Microsoft.Extensions.DependencyInjection.Abstractions": "10.0.10",
          "Microsoft.Extensions.Options": "10.0.10"
        }
      },
      "Microsoft.Extensions.Diagnostics.HealthChecks": {
        "type": "Transitive",
        "resolved": "10.0.9",
        "contentHash": "I3mmGlsR73z+7SJJ1ngUG6JfH+UEVTm/42leXxzzr6OKC9DqYIqwZKAjumoH3HEcRqfGPOpo/lfECifQN7qgUA==",
        "dependencies": {
          "Microsoft.Extensions.Diagnostics.HealthChecks.Abstractions": "10.0.9",
          "Microsoft.Extensions.Hosting.Abstractions": "10.0.9",
          "Microsoft.Extensions.Logging.Abstractions": "10.0.9",
          "Microsoft.Extensions.Options": "10.0.9"
        }
      },
      "Microsoft.Extensions.Diagnostics.HealthChecks.Abstractions": {
        "type": "Transitive",
        "resolved": "10.0.9",
        "contentHash": "/pbRl7IJW3QFzEwBGtgEvcEUbL9OGFe+1uTMisWLIS+NaHH5+PEQ3/Sw58c4UqXKlC/rtqFp+qSOGelEelNAjA=="
      },
      "Microsoft.Extensions.FileProviders.Abstractions": {
        "type": "Transitive",
        "resolved": "10.0.10",
        "contentHash": "c5zqFCY9DiIpMovLd7/d/CTiEtrMOuQ639dhv3PABtKQIKNQikSHwQt8+N679uii9q+B55lgK28Uv64FOwEu8w==",
        "dependencies": {
          "Microsoft.Extensions.Primitives": "10.0.10"
        }
      },
      "Microsoft.Extensions.FileProviders.Physical": {
        "type": "Transitive",
        "resolved": "10.0.10",
        "contentHash": "jhJAyo38kSrH3ARvWUk0h8itogVnQu2DCZuPo+s0Z+tXes0ugTxMPaHYzap85785eHQmPFqD9TYERqBbtGxn/w==",
        "dependencies": {
          "Microsoft.Extensions.FileProviders.Abstractions": "10.0.10",
          "Microsoft.Extensions.FileSystemGlobbing": "10.0.10",
          "Microsoft.Extensions.Primitives": "10.0.10"
        }
      },
      "Microsoft.Extensions.FileSystemGlobbing": {
        "type": "Transitive",
        "resolved": "10.0.10",
        "contentHash": "jSOCVxEwCd4Aq925kJVz1kSO1EpX2OHYKL04qVREXkDU7Ce3pVDdHPYm+fEy8y/th2kJf/DAstRHpJAqoNWP8w=="
      },
      "Microsoft.Extensions.Hosting.Abstractions": {
        "type": "Transitive",
        "resolved": "10.0.10",
        "contentHash": "5LugpYGHk+mkn0a8IZgcyfBca8PCTAU9RQFoMrTdtOOidq88M2SI5f3px6ugnzgxC+eTkvYYJi8pzlUnG5xdAQ==",
        "dependencies": {
          "Microsoft.Extensions.Configuration.Abstractions": "10.0.10",
          "Microsoft.Extensions.DependencyInjection.Abstractions": "10.0.10",
          "Microsoft.Extensions.Diagnostics.Abstractions": "10.0.10",
          "Microsoft.Extensions.FileProviders.Abstractions": "10.0.10",
          "Microsoft.Extensions.Logging.Abstractions": "10.0.10"
        }
      },
      "Microsoft.Extensions.Http": {
        "type": "Transitive",
        "resolved": "10.0.0",
        "contentHash": "r+mSvm/Ryc/iYcc9zcUG5VP9EBB8PL1rgVU6macEaYk45vmGRk9PntM3aynFKN6s3Q4WW36kedTycIctctpTUQ==",
        "dependencies": {
          "Microsoft.Extensions.Configuration.Abstractions": "10.0.0",
          "Microsoft.Extensions.DependencyInjection.Abstractions": "10.0.0",
          "Microsoft.Extensions.Diagnostics": "10.0.0",
          "Microsoft.Extensions.Logging": "10.0.0",
          "Microsoft.Extensions.Logging.Abstractions": "10.0.0",
          "Microsoft.Extensions.Options": "10.0.0"
        }
      },
      "Microsoft.Extensions.Logging": {
        "type": "Transitive",
        "resolved": "10.0.10",
        "contentHash": "Tf6z5HsL0VDYRTfvsoNrTGHGheCwkTsZBA2FFh5ATJUbkAwug+FFNISJK2gjpUNemlAOoWllAK52HOWCjto3EQ==",
        "dependencies": {
          "Microsoft.Extensions.DependencyInjection": "10.0.10",
          "Microsoft.Extensions.Logging.Abstractions": "10.0.10",
          "Microsoft.Extensions.Options": "10.0.10"
        }
      },
      "Microsoft.Extensions.Logging.Abstractions": {
        "type": "Transitive",
        "resolved": "10.0.10",
        "contentHash": "zkFxGYUvdxAvIKTyXHrmW+Sux53D4SezD9dMyZ6hrwwzPQJNuwCRy1f5W7AvYTqacEGhWF2XderRQG1OvbV8og==",
        "dependencies": {
          "Microsoft.Extensions.DependencyInjection.Abstractions": "10.0.10"
        }
      },
      "Microsoft.Extensions.Logging.Configuration": {
        "type": "Transitive",
        "resolved": "10.0.10",
        "contentHash": "cLrqxkuEfcilZ8SjK+9KAnpLk9lOoMPaOokF+wRUYie+iUEcdX4/p/+gJkt0BYgWLthjpBUCkVTBI6Kxg0nsOw==",
        "dependencies": {
          "Microsoft.Extensions.Configuration": "10.0.10",
          "Microsoft.Extensions.Configuration.Abstractions": "10.0.10",
          "Microsoft.Extensions.Configuration.Binder": "10.0.10",
          "Microsoft.Extensions.DependencyInjection.Abstractions": "10.0.10",
          "Microsoft.Extensions.Logging": "10.0.10",
          "Microsoft.Extensions.Logging.Abstractions": "10.0.10",
          "Microsoft.Extensions.Options": "10.0.10",
          "Microsoft.Extensions.Options.ConfigurationExtensions": "10.0.10"
        }
      },
      "Microsoft.Extensions.Logging.Console": {
        "type": "Transitive",
        "resolved": "10.0.10",
        "contentHash": "VIlNzPwPS0GeQVSmCqqo36ugryX3LpE9ul6gEkks5VLET3weH/XMLeWmclwfoGn4Nxi2mwVibB+OZBVJ9tDqvg==",
        "dependencies": {
          "Microsoft.Extensions.DependencyInjection.Abstractions": "10.0.10",
          "Microsoft.Extensions.Logging": "10.0.10",
          "Microsoft.Extensions.Logging.Abstractions": "10.0.10",
          "Microsoft.Extensions.Logging.Configuration": "10.0.10",
          "Microsoft.Extensions.Options": "10.0.10"
        }
      },
      "Microsoft.Extensions.Logging.Debug": {
        "type": "Transitive",
        "resolved": "10.0.10",
        "contentHash": "8+TZBnV5fgBXoVNJ5ROSErUwYogk4hOgV7c2HWK1u5cqKGmiUTUn7+KqZ35iQu8e/B7Ykccyz5OTjdXcidNZ9g==",
        "dependencies": {
          "Microsoft.Extensions.DependencyInjection.Abstractions": "10.0.10",
          "Microsoft.Extensions.Logging": "10.0.10",
          "Microsoft.Extensions.Logging.Abstractions": "10.0.10"
        }
      },
      "Microsoft.Extensions.Logging.EventLog": {
        "type": "Transitive",
        "resolved": "10.0.10",
        "contentHash": "0RE4951AzQ+YD4gVrvbq0BhdsiBgSDo44yM7+QBZ2mrmMJeNjY+teCIYfUjqDPVYnKs0HR6SkkhgrX1YgXZq3Q==",
        "dependencies": {
          "Microsoft.Extensions.DependencyInjection.Abstractions": "10.0.10",
          "Microsoft.Extensions.Logging": "10.0.10",
          "Microsoft.Extensions.Logging.Abstractions": "10.0.10",
          "Microsoft.Extensions.Options": "10.0.10",
          "System.Diagnostics.EventLog": "10.0.10"
        }
      },
      "Microsoft.Extensions.Logging.EventSource": {
        "type": "Transitive",
        "resolved": "10.0.10",
        "contentHash": "85SAPwXhJtdBInzN2k7SChiFiBGh3KOWay5AfoY+GREF6P7oZA98+ST2p7Z9384iLKYjkZSKIZ/FqIO5aojtNw==",
        "dependencies": {
          "Microsoft.Extensions.DependencyInjection.Abstractions": "10.0.10",
          "Microsoft.Extensions.Logging": "10.0.10",
          "Microsoft.Extensions.Logging.Abstractions": "10.0.10",
          "Microsoft.Extensions.Options": "10.0.10",
          "Microsoft.Extensions.Primitives": "10.0.10"
        }
      },
      "Microsoft.Extensions.Options": {
        "type": "Transitive",
        "resolved": "10.0.10",
        "contentHash": "srnhnk7nE8krBiIXp71LvBmKBtraBONWSRzdjJgRv1Ko9Mp8IVNqv4vIS9hGeVteBig8aQkva9ZG+sC+o5sVcA==",
        "dependencies": {
          "Microsoft.Extensions.DependencyInjection.Abstractions": "10.0.10",
          "Microsoft.Extensions.Primitives": "10.0.10"
        }
      },
      "Microsoft.Extensions.Options.ConfigurationExtensions": {
        "type": "Transitive",
        "resolved": "10.0.10",
        "contentHash": "tnBmu/LwF25ZQK+HBNCu2xrwnkKoB/XEbJyooGGoYxHrhvxbSKi7eOFiJ4AXBy/QU4vtCvCJfoi8k9Ej72qzOQ==",
        "dependencies": {
          "Microsoft.Extensions.Configuration.Abstractions": "10.0.10",
          "Microsoft.Extensions.Configuration.Binder": "10.0.10",
          "Microsoft.Extensions.DependencyInjection.Abstractions": "10.0.10",
          "Microsoft.Extensions.Options": "10.0.10",
          "Microsoft.Extensions.Primitives": "10.0.10"
        }
      },
      "Microsoft.Extensions.Primitives": {
        "type": "Transitive",
        "resolved": "10.0.10",
        "contentHash": "5wu/GrYVd8mG2DVUw3vFJzF+O336TyTGg/Kmcgw9bfwYhCoFiV5lR5QeEmKecJyrW4W54nMfD3p3589E8a7czQ=="
      },
      "Microsoft.Identity.Client": {
        "type": "Transitive",
        "resolved": "4.87.0",
        "contentHash": "ERObBpS3b6kc92D/Z86zSd/MpWvdJu97BNamRzg5V4y59KwnxzfhM762tgiNnKoIwTbnIBOcwGPFGQ4DvShLvw==",
        "dependencies": {
          "Microsoft.IdentityModel.Abstractions": "8.14.0"
        }
      },
      "Microsoft.Identity.Client.Extensions.Msal": {
        "type": "Transitive",
        "resolved": "4.84.2",
        "contentHash": "+D98LaU3dOu/Nzs6kgbBJapMvH7iwYcAeC99XwSkpmEadsPv6rozecOl9P6m4A3RfpOuPt9e6J6TwwUUp3+M4w==",
        "dependencies": {
          "Microsoft.Identity.Client": "4.84.2",
          "System.Security.Cryptography.ProtectedData": "4.5.0"
        }
      },
      "Microsoft.Identity.Client.KeyAttestation": {
        "type": "Transitive",
        "resolved": "4.87.0",
        "contentHash": "IPTA9xPrDDtOkRPZP1VQBUMYUG6n5IAOOazgsWriveKglyX5gxOhbvCs6Zyr1jKtptNfVwBZr7yuSHQ5S5Pkog==",
        "dependencies": {
          "Microsoft.Azure.Security.KeyGuardAttestation": "1.1.5",
          "Microsoft.Identity.Client": "4.87.0"
        }
      },
      "Microsoft.Identity.Web.Certificate": {
        "type": "Transitive",
        "resolved": "4.14.2",
        "contentHash": "/RLN8gwoxb0i+EHsc09F9tvcB15si0MLuZFtzSfLyIfXr82GKlQBoj8u1xp87CmSKHx3z9LBcpvVvjyBrjEBlA==",
        "dependencies": {
          "Azure.Identity": "1.17.2",
          "Azure.Security.KeyVault.Certificates": "4.6.0",
          "Azure.Security.KeyVault.Secrets": "4.6.0",
          "Microsoft.Extensions.Logging.Abstractions": "10.0.0",
          "Microsoft.Identity.Abstractions": "12.6.0",
          "Microsoft.Identity.Web.Certificateless": "4.14.2",
          "Microsoft.Identity.Web.Diagnostics": "4.14.2"
        }
      },
      "Microsoft.Identity.Web.Certificateless": {
        "type": "Transitive",
        "resolved": "4.14.2",
        "contentHash": "u51Hf5fzRgr5sndpNySIetV2kwK9C1WphRWGfLoJVk4iQ6fFhPFoMlpfnQjmLkHgBvj969c/oAibphcVGoMDJw==",
        "dependencies": {
          "Microsoft.Extensions.Logging.Abstractions": "8.0.3",
          "Microsoft.Identity.Client": "4.87.0",
          "Microsoft.Identity.Client.KeyAttestation": "4.87.0",
          "Microsoft.IdentityModel.JsonWebTokens": "8.22.0",
          "Microsoft.IdentityModel.LoggingExtensions": "8.22.0"
        }
      },
      "Microsoft.Identity.Web.Diagnostics": {
        "type": "Transitive",
        "resolved": "4.14.2",
        "contentHash": "d+oT25MzEHHQkQ1JwGJaNXR3gV3qbNej2MHI6ukIpk/zNa21BDKyq1tJSdA/hIHKtUTligWIFcIUrVqj70cxuw=="
      },
      "Microsoft.Identity.Web.TokenAcquisition": {
        "type": "Transitive",
        "resolved": "4.14.2",
        "contentHash": "cqwAj1mPGYrRu/OQ/SkdhX3ZYNKuWOp9vI2AaccM5VkgztpOsofhStlc+blG9GA1H7PLhKf7fP+e8NV0STyZvA==",
        "dependencies": {
          "Microsoft.AspNetCore.Authentication.JwtBearer": "10.0.0",
          "Microsoft.AspNetCore.Authentication.OpenIdConnect": "10.0.0",
          "Microsoft.Extensions.Options.ConfigurationExtensions": "10.0.0",
          "Microsoft.Identity.Abstractions": "12.6.0",
          "Microsoft.Identity.Web.Certificate": "4.14.2",
          "Microsoft.Identity.Web.Certificateless": "4.14.2",
          "Microsoft.Identity.Web.TokenCache": "4.14.2",
          "Microsoft.IdentityModel.Logging": "8.22.0",
          "Microsoft.IdentityModel.LoggingExtensions": "8.22.0",
          "Microsoft.IdentityModel.Protocols.OpenIdConnect": "8.22.0",
          "System.IdentityModel.Tokens.Jwt": "8.22.0"
        }
      },
      "Microsoft.Identity.Web.TokenCache": {
        "type": "Transitive",
        "resolved": "4.14.2",
        "contentHash": "7F94VyWKzKbkHuvUW/YnFN4z9+A9IV0f2NhsEWM+CIEFsx91ZYk9dlj3fn/k+2yztGl5r7/ETFX9BpJvUD3SMA==",
        "dependencies": {
          "Microsoft.AspNetCore.DataProtection": "10.0.7",
          "Microsoft.Extensions.Caching.Memory": "10.0.0",
          "Microsoft.Extensions.Logging": "10.0.0",
          "Microsoft.Identity.Client": "4.87.0",
          "Microsoft.Identity.Web.Diagnostics": "4.14.2",
          "System.Security.Cryptography.Pkcs": "10.0.10",
          "System.Security.Cryptography.Xml": "10.0.10"
        }
      },
      "Microsoft.IdentityModel.Abstractions": {
        "type": "Transitive",
        "resolved": "8.22.0",
        "contentHash": "LU3V3owsu4vGpCg2kyL7SsQEuHwcoJ8FSNBqzLADzCf3/PcKUTcx5Plsd51DoTJMfK/WigXV/03UhaN5JXE6uQ=="
      },
      "Microsoft.IdentityModel.JsonWebTokens": {
        "type": "Transitive",
        "resolved": "8.22.0",
        "contentHash": "kv6peMLjALZLDAy2H3F77KjVRdwiscn2p/g3ui2chcbuEcAX2MpAbyDcYnJ7Vyh8jZ1aJWrniUMCDWoOgnu4NQ==",
        "dependencies": {
          "Microsoft.IdentityModel.Tokens": "8.22.0"
        }
      },
      "Microsoft.IdentityModel.Logging": {
        "type": "Transitive",
        "resolved": "8.22.0",
        "contentHash": "G9Tl0yXSlr2pkXv4EpXjO16M4q6oo9N/od+gNyOusZ8yM8LZg1H3f/QOMFuOJiV6znzY5MkAREU97JRRnqpEQw==",
        "dependencies": {
          "Microsoft.IdentityModel.Abstractions": "8.22.0"
        }
      },
      "Microsoft.IdentityModel.LoggingExtensions": {
        "type": "Transitive",
        "resolved": "8.22.0",
        "contentHash": "2z2lb8jbkEe3iNwXqVflzLPv8pUw/QJGKrcRqeUeIKwjx2o/SxLNl5/XLDeASH1oq4VnoxxKdHivKrmmog4HtQ==",
        "dependencies": {
          "Microsoft.Extensions.Logging.Abstractions": "2.1.1",
          "Microsoft.IdentityModel.Abstractions": "8.22.0"
        }
      },
      "Microsoft.IdentityModel.Protocols": {
        "type": "Transitive",
        "resolved": "8.22.0",
        "contentHash": "q7VTnFzKHOUy1L7M6FOTD0nUboDobJIPb+Sl13bQ4O0lYtpTJ9wemcuZaDYOmT/3ZKyUUCFuFjt5UReYC2dlQA==",
        "dependencies": {
          "Microsoft.IdentityModel.Tokens": "8.22.0"
        }
      },
      "Microsoft.IdentityModel.Protocols.OpenIdConnect": {
        "type": "Transitive",
        "resolved": "8.22.0",
        "contentHash": "RAStsQi0eIj2gcA6G1lVx2H39v9eCJty9bLymx4oeLzmEISxfa6MxTaZkbsp+Plccz0Uiv8r7efiaG10i3WHkg==",
        "dependencies": {
          "Microsoft.IdentityModel.Protocols": "8.22.0",
          "System.IdentityModel.Tokens.Jwt": "8.22.0"
        }
      },
      "Microsoft.IdentityModel.Tokens": {
        "type": "Transitive",
        "resolved": "8.22.0",
        "contentHash": "i4lywKKUuVmheCUA+w/q8QNPReNI0qanHI9hhz48AFqD1ljyb8sxPL2RbXOGiPV13XdJ4kxieL9ukS7tD43LxA==",
        "dependencies": {
          "Microsoft.Bcl.Cryptography": "10.0.2",
          "Microsoft.Extensions.Logging.Abstractions": "8.0.0",
          "Microsoft.IdentityModel.Logging": "8.22.0"
        }
      },
      "Microsoft.IdentityModel.Validators": {
        "type": "Transitive",
        "resolved": "8.22.0",
        "contentHash": "8lMJuI0r46dVa648IUAUVXRc6ioGdvGB8zD+S+9DWHrXYdK1SWae9TsMWYwWeRJEZBErwZgVlPrzxDk71VYiZA==",
        "dependencies": {
          "Microsoft.IdentityModel.Protocols": "8.22.0",
          "Microsoft.IdentityModel.Protocols.OpenIdConnect": "8.22.0",
          "Microsoft.IdentityModel.Tokens": "8.22.0",
          "System.IdentityModel.Tokens.Jwt": "8.22.0"
        }
      },
      "Sentry": {
        "type": "Transitive",
        "resolved": "6.6.0",
        "contentHash": "1D3xo3P9Y94VQN3RoV/86XqgtylHp1pdeEml3/UB649BrzJeZ/pqO/o8YgJ5g+GqpMQiGI09yjAI7s5ff2A1IA=="
      },
      "Sentry.AspNetCore": {
        "type": "Transitive",
        "resolved": "6.6.0",
        "contentHash": "MzS1695uLEYN8sfjmqaBYMg87WAB+YaQjlI/IQp9FVC1D3Kimv+SqptvM5Xzg6tjZZ0NR6AhPTdWs1oP145N5w==",
        "dependencies": {
          "Sentry.Extensions.Logging": "6.6.0"
        }
      },
      "Sentry.Extensions.Logging": {
        "type": "Transitive",
        "resolved": "6.6.0",
        "contentHash": "6d5/MLfqfIy2uIlKIFJVtSpT3Z0lY3VlpFPqBP34E1COX1qI+AnrsRKa9v7+wedZDKmBmyTGGzwUZWmmfJfGaw==",
        "dependencies": {
          "Microsoft.Extensions.Configuration.Binder": "10.0.0",
          "Microsoft.Extensions.Http": "10.0.0",
          "Microsoft.Extensions.Logging.Configuration": "10.0.0",
          "Sentry": "6.6.0"
        }
      },
      "Sentry.Serilog": {
        "type": "Transitive",
        "resolved": "6.6.0",
        "contentHash": "MTHLXQHYOg7NXJOzQHuMoNFSGU8pygckw4CDCu7eaVstJVj2PKFEcngG/thDgSBTnE9S5BUlYp1NEkTiVPylOA==",
        "dependencies": {
          "Sentry": "6.6.0",
          "Serilog": "2.10.0"
        }
      },
      "Serilog": {
        "type": "Transitive",
        "resolved": "4.3.1",
        "contentHash": "savYe7h5yRlkqBVOwP8cIRDOdqKiPmYCU4W87JH38sBmcKD5EBoXvQIw6bNEvZ/pTe1gsiye3VFCzBsoppGkXQ=="
      },
      "Serilog.AspNetCore": {
        "type": "Transitive",
        "resolved": "10.0.0",
        "contentHash": "a/cNa1mY4On1oJlfGG1wAvxjp5g7OEzk/Jf/nm7NF9cWoE7KlZw1GldrifUBWm9oKibHkR7Lg/l5jy3y7ACR8w==",
        "dependencies": {
          "Serilog": "4.3.0",
          "Serilog.Extensions.Hosting": "10.0.0",
          "Serilog.Formatting.Compact": "3.0.0",
          "Serilog.Settings.Configuration": "10.0.0",
          "Serilog.Sinks.Console": "6.1.1",
          "Serilog.Sinks.Debug": "3.0.0",
          "Serilog.Sinks.File": "7.0.0"
        }
      },
      "Serilog.Enrichers.AssemblyName": {
        "type": "Transitive",
        "resolved": "2.0.0",
        "contentHash": "5r/1FpnfyYpleSa0fxwjAxdCHAfzHsMkZlorzrpFC9gG4n7VJCzZOx8tlGq85ojwkyY2VaXh0/jJ9U22csBsIw==",
        "dependencies": {
          "Serilog": "2.0.0"
        }
      },
      "Serilog.Enrichers.AzureClaims": {
        "type": "Transitive",
        "resolved": "1.2.7",
        "contentHash": "E5MgsX3EEqHPXS2MzJQXUWW5eE4QpX7cRZImMVmnFrna796eHCbGZ4s6kBPhnGnq72ag6UZTwxRS7feyplkxrw==",
        "dependencies": {
          "Microsoft.Identity.Web": "4.9.0",
          "Serilog": "4.3.1"
        }
      },
      "Serilog.Enrichers.Environment": {
        "type": "Transitive",
        "resolved": "3.0.1",
        "contentHash": "9BqCE4C9FF+/rJb/CsQwe7oVf44xqkOvMwX//CUxvUR25lFL4tSS6iuxE5eW07quby1BAyAEP+vM6TWsnT3iqw==",
        "dependencies": {
          "Serilog": "4.0.0"
        }
      },
      "Serilog.Enrichers.Memory": {
        "type": "Transitive",
        "resolved": "1.0.4",
        "contentHash": "yq9QtHw41EnYbFVwLV/0wmi+GEfJFyD/HDA49/Y6GvbYNLh83MSo8VlAO3C9C8VC+w93zOSma8QxJApqOjdHng==",
        "dependencies": {
          "Serilog": "2.0.0"
        }
      },
      "Serilog.Extensions.Hosting": {
        "type": "Transitive",
        "resolved": "10.0.0",
        "contentHash": "E7juuIc+gzoGxgzFooFgAV8g9BfiSXNKsUok9NmEpyAXg2odkcPsMa/Yo4axkJRlh0se7mkYQ1GXDaBemR+b6w==",
        "dependencies": {
          "Microsoft.Extensions.DependencyInjection.Abstractions": "10.0.0",
          "Microsoft.Extensions.Hosting.Abstractions": "10.0.0",
          "Microsoft.Extensions.Logging.Abstractions": "10.0.0",
          "Serilog": "4.3.0",
          "Serilog.Extensions.Logging": "10.0.0"
        }
      },
      "Serilog.Extensions.Logging": {
        "type": "Transitive",
        "resolved": "10.0.0",
        "contentHash": "vx0kABKl2dWbBhhqAfTOk53/i8aV/5VaT3a6il9gn72Wqs2pM7EK2OB6No6xdqK2IaY6Zf9gdjLuK9BVa2rT+Q==",
        "dependencies": {
          "Microsoft.Extensions.Logging": "10.0.0",
          "Serilog": "4.2.0"
        }
      },
      "Serilog.Formatting.Compact": {
        "type": "Transitive",
        "resolved": "3.0.0",
        "contentHash": "wQsv14w9cqlfB5FX2MZpNsTawckN4a8dryuNGbebB/3Nh1pXnROHZov3swtu3Nj5oNG7Ba+xdu7Et/ulAUPanQ==",
        "dependencies": {
          "Serilog": "4.0.0"
        }
      },
      "Serilog.Settings.Configuration": {
        "type": "Transitive",
        "resolved": "10.0.0",
        "contentHash": "LNq+ibS1sbhTqPV1FIE69/9AJJbfaOhnaqkzcjFy95o+4U+STsta9mi97f1smgXsWYKICDeGUf8xUGzd/52/uA==",
        "dependencies": {
          "Microsoft.Extensions.Configuration.Binder": "10.0.0",
          "Microsoft.Extensions.DependencyModel": "10.0.0",
          "Serilog": "4.3.0"
        }
      },
      "Serilog.Sinks.Console": {
        "type": "Transitive",
        "resolved": "6.1.1",
        "contentHash": "8jbqgjUyZlfCuSTaJk6lOca465OndqOz3KZP6Cryt/IqZYybyBu7GP0fE/AXBzrrQB3EBmQntBFAvMVz1COvAA==",
        "dependencies": {
          "Serilog": "4.0.0"
        }
      },
      "Serilog.Sinks.Debug": {
        "type": "Transitive",
        "resolved": "3.0.0",
        "contentHash": "4BzXcdrgRX7wde9PmHuYd9U6YqycCC28hhpKonK7hx0wb19eiuRj16fPcPSVp0o/Y1ipJuNLYQ00R3q2Zs8FDA==",
        "dependencies": {
          "Serilog": "4.0.0"
        }
      },
      "Serilog.Sinks.File": {
        "type": "Transitive",
        "resolved": "7.0.0",
        "contentHash": "fKL7mXv7qaiNBUC71ssvn/dU0k9t0o45+qm2XgKAlSt19xF+ijjxyA3R6HmCgfKEKwfcfkwWjayuQtRueZFkYw==",
        "dependencies": {
          "Serilog": "4.2.0"
        }
      },
      "System.ClientModel": {
        "type": "Transitive",
        "resolved": "1.14.0",
        "contentHash": "yhIJHDW3Hh5kcvhHv3ww1T8qvya06Nlwo/SR/rke4/fHXtyKiqQV/9b/VDhnVI7QUcMnpfvh4pIEFhNsTDLeKQ==",
        "dependencies": {
          "Microsoft.Extensions.Configuration.Abstractions": "10.0.3",
          "Microsoft.Extensions.Hosting.Abstractions": "10.0.3",
          "Microsoft.Extensions.Logging.Abstractions": "10.0.3",
          "System.Memory.Data": "10.0.3"
        }
      },
      "System.Diagnostics.EventLog": {
        "type": "Transitive",
        "resolved": "10.0.10",
        "contentHash": "OvGz3PrzuAI/Sj7LTcXcCe3FClRI1IyRMZjNONcZtFh+Ww7nAtSh4kh08r8KVe/xxkXJPjR0Y1jF7H+N42d4xQ=="
      },
      "System.IdentityModel.Tokens.Jwt": {
        "type": "Transitive",
        "resolved": "8.22.0",
        "contentHash": "CpXGfNhLl6EgYaOC9XYsc1p7Ci9HtAy0soHJDSBNGse647al4tTq9RDr+LQsrF4Ls79Dx7VfzN34km0W4DWPow==",
        "dependencies": {
          "Microsoft.IdentityModel.JsonWebTokens": "8.22.0",
          "Microsoft.IdentityModel.Tokens": "8.22.0"
        }
      },
      "System.Memory.Data": {
        "type": "Transitive",
        "resolved": "10.0.9",
        "contentHash": "YweovHiLUoEdbr2Xv8eRqCSkTu1vMms4a6xBHaQiMSFVy32PL+hXv6Vhol2NWOmLHjaVgTyhJ3R52U6JxS6w3Q=="
      },
      "System.Security.Cryptography.Pkcs": {
        "type": "Transitive",
        "resolved": "10.0.10",
        "contentHash": "KG8t5RHczdgB3IWvRndpI0nE1DSo7ikDYSDbITxfgRFyIvnYiKzuPjaZOsPnwFQ1aOGUl9sEulJul9wlHLEUoA=="
      },
      "System.Security.Cryptography.ProtectedData": {
        "type": "Transitive",
        "resolved": "4.5.0",
        "contentHash": "wLBKzFnDCxP12VL9ANydSYhk59fC4cvOr9ypYQLPnAj48NQIhqnjdD2yhP8yEKyBJEjERWS9DisKL7rX5eU25Q=="
      },
      "System.Security.Cryptography.Xml": {
        "type": "Transitive",
        "resolved": "10.0.10",
        "contentHash": "Mz6Y+s+uMQKj1H2BUF0OhlmaOQkLgSG34/IrUaBDirYBQ6bgwcFvO/XtXWcoDlBLFoFB0uKqDNhybHOd+fQK1A==",
        "dependencies": {
          "System.Security.Cryptography.Pkcs": "10.0.10"
        }
      }
    },
    "net10.0/linux-musl-x64": {
      "Microsoft.Azure.Security.KeyGuardAttestation": {
        "type": "Transitive",
        "resolved": "1.1.5",
        "contentHash": "y7WEZy7swyQCQISyVfUDNo8a1sqHiWzaoWoQAkdXxqg3hLNjQI+LEsRQol3idJ665E++doJbiQG6NIiUb5cw0g=="
      },
      "System.Diagnostics.EventLog": {
        "type": "Transitive",
        "resolved": "10.0.10",
        "contentHash": "OvGz3PrzuAI/Sj7LTcXcCe3FClRI1IyRMZjNONcZtFh+Ww7nAtSh4kh08r8KVe/xxkXJPjR0Y1jF7H+N42d4xQ=="
      },
      "System.Security.Cryptography.Pkcs": {
        "type": "Transitive",
        "resolved": "10.0.10",
        "contentHash": "KG8t5RHczdgB3IWvRndpI0nE1DSo7ikDYSDbITxfgRFyIvnYiKzuPjaZOsPnwFQ1aOGUl9sEulJul9wlHLEUoA=="
      },
      "System.Security.Cryptography.ProtectedData": {
        "type": "Transitive",
        "resolved": "4.5.0",
        "contentHash": "wLBKzFnDCxP12VL9ANydSYhk59fC4cvOr9ypYQLPnAj48NQIhqnjdD2yhP8yEKyBJEjERWS9DisKL7rX5eU25Q=="
      }
    }
  }
}